
Microsoft Visual Studio Solution File, Format Version 12.00
Project("{FAE04EC0-301F-11D3-BF4B-00C04F79EFBC}") = "API.ENSEK", "API.ENSEK\API.ENSEK.csproj", "{0B608445-FCA1-4B53-ACA3-8B1C1E980713}"
EndProject
Project("{FAE04EC0-301F-11D3-BF4B-00C04F79EFBC}") = "CORE.ENSEK", "CORE.ENSEK\CORE.ENSEK.csproj", "{DD568127-8F70-4EE6-B408-6D73DD072CB3}"
EndProject
Project("{FAE04EC0-301F-11D3-BF4B-00C04F79EFBC}") = "WebApp.ENSEK", "WebApp.ENSEK\WebApp.ENSEK.csproj", "{B5852DB6-D4FB-4A87-9E29-CEEF82CA418C}"
EndProject
Project("{FAE04EC0-301F-11D3-BF4B-00C04F79EFBC}") = "WebApp.Core.ENSEK", "WebApp.Core.ENSEK\WebApp.Core.ENSEK.csproj", "{EA94F945-1E0E-436B-8E6D-D976B77650F4}"
EndProject
Project("{FAE04EC0-301F-11D3-BF4B-00C04F79EFBC}") = "API.TESTS.ENSEK", "API.TESTS.ENSEK\API.TESTS.ENSEK.csproj", "{A94D6531-E47E-45A9-A94D-29F0977D8CD5}"
EndProject
Global
	GlobalSection(SolutionConfigurationPlatforms) = preSolution
		Debug|Any CPU = Debug|Any CPU
		Release|Any CPU = Release|Any CPU
	EndGlobalSection
	GlobalSection(ProjectConfigurationPlatforms) = postSolution
		{0B608445-FCA1-4B53-ACA3-8B1C1E980713}.Debug|Any CPU.ActiveCfg = Debug|Any CPU
		{0B608445-FCA1-4B53-ACA3-8B1C1E980713}.Debug|Any CPU.Build.0 = Debug|Any CPU
		{0B608445-FCA1-4B53-ACA3-8B1C1E980713}.Release|Any CPU.ActiveCfg = Release|Any CPU
		{0B608445-FCA1-4B53-ACA3-8B1C1E980713}.Release|Any CPU.Build.0 = Release|Any CPU
		{DD568127-8F70-4EE6-B408-6D73DD072CB3}.Debug|Any CPU.ActiveCfg = Debug|Any CPU
		{DD568127-8F70-4EE6-B408-6D73DD072CB3}.Debug|Any CPU.Build.0 = Debug|Any CPU
		{DD568127-8F70-4EE6-B408-6D73DD072CB3}.Release|Any CPU.ActiveCfg = Release|Any CPU
		{DD568127-8F70-4EE6-B408-6D73DD072CB3}.Release|Any CPU.Build.0 = Release|Any CPU
		{B5852DB6-D4FB-4A87-9E29-CEEF82CA418C}.Debug|Any CPU.ActiveCfg = Debug|Any CPU
		{B5852DB6-D4FB-4A87-9E29-CEEF82CA418C}.Debug|Any CPU.Build.0 = Debug|Any CPU
		{B5852DB6-D4FB-4A87-9E29-CEEF82CA418C}.Release|Any CPU.ActiveCfg = Release|Any CPU
		{B5852DB6-D4FB-4A87-9E29-CEEF82CA418C}.Release|Any CPU.Build.0 = Release|Any CPU
		{EA94F945-1E0E-436B-8E6D-D976B77650F4}.Debug|Any CPU.ActiveCfg = Debug|Any CPU
		{EA94F945-1E0E-436B-8E6D-D976B77650F4}.Debug|Any CPU.Build.0 = Debug|Any CPU
		{EA94F945-1E0E-436B-8E6D-D976B77650F4}.Release|Any CPU.ActiveCfg = Release|Any CPU
		{EA94F945-1E0E-436B-8E6D-D976B77650F4}.Release|Any CPU.Build.0 = Release|Any CPU
		{A94D6531-E47E-45A9-A94D-29F0977D8CD5}.Debug|Any CPU.ActiveCfg = Debug|Any CPU
		{A94D6531-E47E-45A9-A94D-29F0977D8CD5}.Debug|Any CPU.Build.0 = Debug|Any CPU
		{A94D6531-E47E-45A9-A94D-29F0977D8CD5}.Release|Any CPU.ActiveCfg = Release|Any CPU
		{A94D6531-E47E-45A9-A94D-29F0977D8CD5}.Release|Any CPU.Build.0 = Release|Any CPU
	EndGlobalSection
EndGlobal
